<?xml version="1.0" encoding="utf-8"?>
<Project ToolsVersion="4.0" xmlns="http://schemas.microsoft.com/developer/msbuild/2003">
  <ItemGroup>
    <Filter Include="Source Files">
      <UniqueIdentifier>{4FC737F1-C7A5-4376-A066-2A32D752A2FF}</UniqueIdentifier>
      <Extensions>cpp;c;cc;cxx;def;odl;idl;hpj;bat;asm;asmx</Extensions>
    </Filter>
    <Filter Include="Header Files">
      <UniqueIdentifier>{93995380-89BD-4b04-88EB-625FBE52EBFB}</UniqueIdentifier>
      <Extensions>h;hpp;hxx;hm;inl;inc;xsd</Extensions>
    </Filter>
    <Filter Include="Resource Files">
      <UniqueIdentifier>{67DA6AB6-F800-4c08-8B7A-83BB121AAD01}</UniqueIdentifier>
      <Extensions>rc;ico;cur;bmp;dlg;rc2;rct;bin;rgs;gif;jpg;jpeg;jpe;resx;tiff;tif;png;wav;mfcribbon-ms</Extensions>
    </Filter>
    <Filter Include="Header Files\Resource">
      <UniqueIdentifier>{f99d2981-3a4f-49b2-9d33-a87c67c50291}</UniqueIdentifier>
    </Filter>
    <Filter Include="Header Files\Implementation">
      <UniqueIdentifier>{4026a5d0-c213-426d-ab4e-7c5f43325338}</UniqueIdentifier>
    </Filter>
    <Filter Include="Header Files\Handler">
      <UniqueIdentifier>{61844b9c-f86a-47e4-8128-f842699b0679}</UniqueIdentifier>
    </Filter>
    <Filter Include="Header Files\Store">
      <UniqueIdentifier>{4c29faa3-f288-4f8f-a04c-65ef79b4b2bb}</UniqueIdentifier>
    </Filter>
  </ItemGroup>
  <ItemGroup>
    <Text Include="ReadMe.txt" />
  </ItemGroup>
  <ItemGroup>
    <ClInclude Include="LoadableBundle.h">
      <Filter>Header Files</Filter>
    </ClInclude>
    <ClInclude Include="Loadable.h">
      <Filter>Header Files</Filter>
    </ClInclude>
    <ClInclude Include="SSprite.h">
      <Filter>Header Files\Implementation</Filter>
    </ClInclude>
    <ClInclude Include="STexture.h">
      <Filter>Header Files\Resource</Filter>
    </ClInclude>
    <ClInclude Include="SSoundBuffer.h">
      <Filter>Header Files\Resource</Filter>
    </ClInclude>
    <ClInclude Include="ResourceHandler.h">
      <Filter>Header Files\Handler</Filter>
    </ClInclude>
    <ClInclude Include="Resource.h">
      <Filter>Header Files\Resource</Filter>
    </ClInclude>
    <ClInclude Include="RHandle.h">
      <Filter>Header Files\Handler</Filter>
    </ClInclude>
    <ClInclude Include="TextureStore.h">
      <Filter>Header Files\Store</Filter>
    </ClInclude>
    <ClInclude Include="SoundBufferStore.h">
      <Filter>Header Files\Store</Filter>
    </ClInclude>
    <ClInclude Include="SSound.h">
      <Filter>Header Files\Implementation</Filter>
    </ClInclude>
  </ItemGroup>
  <ItemGroup>
    <ClCompile Include="LoadableBundle.cpp">
      <Filter>Source Files</Filter>
    </ClCompile>
    <ClCompile Include="STexture.cpp">
      <Filter>Source Files</Filter>
    </ClCompile>
    <ClCompile Include="TextureStore.cpp">
      <Filter>Source Files</Filter>
    </ClCompile>
    <ClCompile Include="SSprite.cpp">
      <Filter>Source Files</Filter>
    </ClCompile>
    <ClCompile Include="ResourceHandler.cpp">
      <Filter>Source Files</Filter>
    </ClCompile>
    <ClCompile Include="SSoundBuffer.cpp">
      <Filter>Source Files</Filter>
    </ClCompile>
    <ClCompile Include="RHandle.cpp">
      <Filter>Source Files</Filter>
    </ClCompile>
    <ClCompile Include="Resource.cpp">
      <Filter>Source Files</Filter>
    </ClCompile>
    <ClCompile Include="SoundBufferStore.cpp">
      <Filter>Source Files</Filter>
    </ClCompile>
    <ClCompile Include="SSound.cpp">
      <Filter>Source Files</Filter>
    </ClCompile>
  </ItemGroup>
</Project>